{
  "version": 4,
  "terraform_version": "1.12.2",
  "serial": 107,
  "lineage": "f66ff0cb-d134-b3e0-963c-d691d6baef72",
  "outputs": {
    "auto_scaling_group_arn": {
      "value": "arn:aws:autoscaling:ap-south-1:730335192948:autoScalingGroup:6e3c252a-36ea-4217-81cc-58c81a1aa2f3:autoScalingGroupName/cloudscale-commerce-asg",
      "type": "string"
    },
    "auto_scaling_group_name": {
      "value": "cloudscale-commerce-asg",
      "type": "string"
    },
    "availability_zones": {
      "value": [
        "ap-south-1a",
        "ap-south-1b"
      ],
      "type": [
        "list",
        "string"
      ]
    },
    "cpu_high_alarm_arn": {
      "value": "arn:aws:cloudwatch:ap-south-1:730335192948:alarm:cloudscale-commerce-cpu-high",
      "type": "string"
    },
    "cpu_low_alarm_arn": {
      "value": "arn:aws:cloudwatch:ap-south-1:730335192948:alarm:cloudscale-commerce-cpu-low",
      "type": "string"
    },
    "launch_template_id": {
      "value": "lt-0996e3c09eb7180ca",
      "type": "string"
    },
    "load_balancer_arn": {
      "value": "arn:aws:elasticloadbalancing:ap-south-1:730335192948:loadbalancer/app/cloudscale-commerce-alb/94cbb90efc334b9d",
      "type": "string"
    },
    "load_balancer_dns": {
      "value": "cloudscale-commerce-alb-1270455731.ap-south-1.elb.amazonaws.com",
      "type": "string"
    },
    "load_balancer_url": {
      "value": "http://cloudscale-commerce-alb-1270455731.ap-south-1.elb.amazonaws.com",
      "type": "string"
    },
    "private_subnet_ids": {
      "value": [
        "subnet-0e4681d8a253f3824",
        "subnet-0a2afb624ec6a80d9"
      ],
      "type": [
        "tuple",
        [
          "string",
          "string"
        ]
      ]
    },
    "public_subnet_ids": {
      "value": [
        "subnet-0e8d871c3e332d79f",
        "subnet-07611293812c528b0"
      ],
      "type": [
        "tuple",
        [
          "string",
          "string"
        ]
      ]
    },
    "region_info": {
      "value": {
        "availability_zones": [
          "ap-south-1a",
          "ap-south-1b"
        ],
        "private_subnets": {
          "ap-south-1a": "subnet-0e4681d8a253f3824",
          "ap-south-1b": "subnet-0a2afb624ec6a80d9"
        },
        "public_subnets": {
          "ap-south-1a": "subnet-0e8d871c3e332d79f",
          "ap-south-1b": "subnet-07611293812c528b0"
        },
        "region": "ap-south-1"
      },
      "type": [
        "object",
        {
          "availability_zones": [
            "list",
            "string"
          ],
          "private_subnets": [
            "object",
            {
              "ap-south-1a": "string",
              "ap-south-1b": "string"
            }
          ],
          "public_subnets": [
            "object",
            {
              "ap-south-1a": "string",
              "ap-south-1b": "string"
            }
          ],
          "region": "string"
        }
      ]
    },
    "scale_down_policy_arn": {
      "value": "arn:aws:autoscaling:ap-south-1:730335192948:scalingPolicy:3ff49832-a897-4274-bf4e-4b2b40777fc1:autoScalingGroupName/cloudscale-commerce-asg:policyName/cloudscale-commerce-scale-down",
      "type": "string"
    },
    "scale_up_policy_arn": {
      "value": "arn:aws:autoscaling:ap-south-1:730335192948:scalingPolicy:fdbc5858-0ccd-4a53-8937-067750521484:autoScalingGroupName/cloudscale-commerce-asg:policyName/cloudscale-commerce-scale-up",
      "type": "string"
    },
    "security_group_alb_id": {
      "value": "sg-07b759397830c3f3a",
      "type": "string"
    },
    "security_group_web_id": {
      "value": "sg-0bcd78146ab8a8f35",
      "type": "string"
    },
    "target_group_arn": {
      "value": "arn:aws:elasticloadbalancing:ap-south-1:730335192948:targetgroup/cloudscale-commerce-tg/a4b0357cad6a649b",
      "type": "string"
    },
    "vpc_id": {
      "value": "vpc-0e50f2564923edbaf",
      "type": "string"
    }
  },
  "resources": [
    {
      "mode": "data",
      "type": "aws_ami",
      "name": "amazon_linux",
      "provider": "provider[\"registry.terraform.io/hashicorp/aws\"]",
      "instances": [
        {
          "schema_version": 0,
          "attributes": {
            "allow_unsafe_filter": null,
            "architecture": "x86_64",
            "arn": "arn:aws:ec2:ap-south-1::image/ami-0321cd3e0040c7000",
            "block_device_mappings": [
              {
                "device_name": "/dev/xvda",
                "ebs": {
                  "delete_on_termination": "true",
                  "encrypted": "false",
                  "iops": "0",
                  "snapshot_id": "snap-022a71a9a1889228c",
                  "throughput": "0",
                  "volume_initialization_rate": "0",
                  "volume_size": "8",
                  "volume_type": "gp2"
                },
                "no_device": "",
                "virtual_name": ""
              }
            ],
            "boot_mode": "",
            "creation_date": "2025-06-20T08:42:16.000Z",
            "deprecation_time": "2025-09-18T08:42:00.000Z",
            "description": "Amazon Linux 2 AMI 2.0.20250623.0 x86_64 HVM gp2",
            "ena_support": true,
            "executable_users": null,
            "filter": [
              {
                "name": "name",
                "values": [
                  "amzn2-ami-hvm-*-x86_64-gp2"
                ]
              }
            ],
            "hypervisor": "xen",
            "id": "ami-0321cd3e0040c7000",
            "image_id": "ami-0321cd3e0040c7000",
            "image_location": "amazon/amzn2-ami-hvm-2.0.20250623.0-x86_64-gp2",
            "image_owner_alias": "amazon",
            "image_type": "machine",
            "imds_support": "",
            "include_deprecated": false,
            "kernel_id": "",
            "last_launched_time": "",
            "most_recent": true,
            "name": "amzn2-ami-hvm-2.0.20250623.0-x86_64-gp2",
            "name_regex": null,
            "owner_id": "137112412989",
            "owners": [
              "amazon"
            ],
            "platform": "",
            "platform_details": "Linux/UNIX",
            "product_codes": [],
            "public": true,
            "ramdisk_id": "",
            "region": "ap-south-1",
            "root_device_name": "/dev/xvda",
            "root_device_type": "ebs",
            "root_snapshot_id": "snap-022a71a9a1889228c",
            "sriov_net_support": "simple",
            "state": "available",
            "state_reason": {
              "code": "UNSET",
              "message": "UNSET"
            },
            "tags": {},
            "timeouts": null,
            "tpm_support": "",
            "uefi_data": null,
            "usage_operation": "RunInstances",
            "virtualization_type": "hvm"
          },
          "sensitive_attributes": [],
          "identity_schema_version": 0
        }
      ]
    },
    {
      "mode": "data",
      "type": "aws_availability_zones",
      "name": "available",
      "provider": "provider[\"registry.terraform.io/hashicorp/aws\"]",
      "instances": [
        {
          "schema_version": 0,
          "attributes": {
            "all_availability_zones": null,
            "exclude_names": null,
            "exclude_zone_ids": null,
            "filter": [
              {
                "name": "zone-name",
                "values": [
                  "ap-south-1a",
                  "ap-south-1b"
                ]
              }
            ],
            "group_names": [
              "ap-south-1-zg-1"
            ],
            "id": "ap-south-1",
            "names": [
              "ap-south-1a",
              "ap-south-1b"
            ],
            "region": "ap-south-1",
            "state": "available",
            "timeouts": null,
            "zone_ids": [
              "aps1-az1",
              "aps1-az3"
            ]
          },
          "sensitive_attributes": [],
          "identity_schema_version": 0
        }
      ]
    },
    {
      "mode": "managed",
      "type": "aws_autoscaling_group",
      "name": "web",
      "provider": "provider[\"registry.terraform.io/hashicorp/aws\"]",
      "instances": [
        {
          "schema_version": 1,
          "attributes": {
            "arn": "arn:aws:autoscaling:ap-south-1:730335192948:autoScalingGroup:6e3c252a-36ea-4217-81cc-58c81a1aa2f3:autoScalingGroupName/cloudscale-commerce-asg",
            "availability_zone_distribution": [
              {
                "capacity_distribution_strategy": "balanced-best-effort"
              }
            ],
            "availability_zones": [
              "ap-south-1a",
              "ap-south-1b"
            ],
            "capacity_rebalance": false,
            "capacity_reservation_specification": [
              {
                "capacity_reservation_preference": "default",
                "capacity_reservation_target": []
              }
            ],
            "context": "",
            "default_cooldown": 300,
            "default_instance_warmup": 0,
            "desired_capacity": 1,
            "desired_capacity_type": "",
            "enabled_metrics": [],
            "force_delete": false,
            "force_delete_warm_pool": false,
            "health_check_grace_period": 1200,
            "health_check_type": "ELB",
            "id": "cloudscale-commerce-asg",
            "ignore_failed_scaling_activities": false,
            "initial_lifecycle_hook": [],
            "instance_maintenance_policy": [],
            "instance_refresh": [],
            "launch_configuration": "",
            "launch_template": [
              {
                "id": "lt-0996e3c09eb7180ca",
                "name": "cloudscale-commerce-20250713134404109800000004",
                "version": "$Latest"
              }
            ],
            "load_balancers": [],
            "max_instance_lifetime": 0,
            "max_size": 3,
            "metrics_granularity": "1Minute",
            "min_elb_capacity": null,
            "min_size": 1,
            "mixed_instances_policy": [],
            "name": "cloudscale-commerce-asg",
            "name_prefix": "",
            "placement_group": "",
            "predicted_capacity": 0,
            "protect_from_scale_in": false,
            "region": "ap-south-1",
            "service_linked_role_arn": "arn:aws:iam::730335192948:role/aws-service-role/autoscaling.amazonaws.com/AWSServiceRoleForAutoScaling",
            "suspended_processes": [],
            "tag": [
              {
                "key": "Environment",
                "propagate_at_launch": true,
                "value": "production"
              },
              {
                "key": "Name",
                "propagate_at_launch": false,
                "value": "cloudscale-commerce-asg"
              },
              {
                "key": "Owner",
                "propagate_at_launch": true,
                "value": "Your Name"
              },
              {
                "key": "Project",
                "propagate_at_launch": true,
                "value": "CloudScale Commerce"
              }
            ],
            "target_group_arns": [
              "arn:aws:elasticloadbalancing:ap-south-1:730335192948:targetgroup/cloudscale-commerce-tg/a4b0357cad6a649b"
            ],
            "termination_policies": [],
            "timeouts": null,
            "traffic_source": [
              {
                "identifier": "arn:aws:elasticloadbalancing:ap-south-1:730335192948:targetgroup/cloudscale-commerce-tg/a4b0357cad6a649b",
                "type": "elbv2"
              }
            ],
            "vpc_zone_identifier": [
              "subnet-07611293812c528b0",
              "subnet-0e8d871c3e332d79f"
            ],
            "wait_for_capacity_timeout": "10m",
            "wait_for_elb_capacity": null,
            "warm_pool": [],
            "warm_pool_size": 0
          },
          "sensitive_attributes": [],
          "identity_schema_version": 0,
          "private": "eyJlMmJmYjczMC1lY2FhLTExZTYtOGY4OC0zNDM2M2JjN2M0YzAiOnsiZGVsZXRlIjo2MDAwMDAwMDAwMDAsInVwZGF0ZSI6NjAwMDAwMDAwMDAwfSwic2NoZW1hX3ZlcnNpb24iOiIxIn0=",
          "dependencies": [
            "aws_launch_template.web",
            "aws_lb_target_group.web",
            "aws_security_group.alb",
            "aws_security_group.web",
            "aws_subnet.public",
            "aws_vpc.main",
            "data.aws_ami.amazon_linux",
            "data.aws_availability_zones.available"
          ]
        }
      ]
    },
    {
      "mode": "managed",
      "type": "aws_autoscaling_policy",
      "name": "scale_down",
      "provider": "provider[\"registry.terraform.io/hashicorp/aws\"]",
      "instances": [
        {
          "schema_version": 0,
          "attributes": {
            "adjustment_type": "ChangeInCapacity",
            "arn": "arn:aws:autoscaling:ap-south-1:730335192948:scalingPolicy:3ff49832-a897-4274-bf4e-4b2b40777fc1:autoScalingGroupName/cloudscale-commerce-asg:policyName/cloudscale-commerce-scale-down",
            "autoscaling_group_name": "cloudscale-commerce-asg",
            "cooldown": 1200,
            "enabled": true,
            "estimated_instance_warmup": 0,
            "id": "cloudscale-commerce-scale-down",
            "metric_aggregation_type": "",
            "min_adjustment_magnitude": 0,
            "name": "cloudscale-commerce-scale-down",
            "policy_type": "SimpleScaling",
            "predictive_scaling_configuration": [],
            "region": "ap-south-1",
            "scaling_adjustment": -1,
            "step_adjustment": [],
            "target_tracking_configuration": []
          },
          "sensitive_attributes": [],
          "identity_schema_version": 0,
          "private": "bnVsbA==",
          "dependencies": [
            "aws_autoscaling_group.web",
            "aws_launch_template.web",
            "aws_lb_target_group.web",
            "aws_security_group.alb",
            "aws_security_group.web",
            "aws_subnet.public",
            "aws_vpc.main",
            "data.aws_ami.amazon_linux",
            "data.aws_availability_zones.available"
          ]
        }
      ]
    },
    {
      "mode": "managed",
      "type": "aws_autoscaling_policy",
      "name": "scale_up",
      "provider": "provider[\"registry.terraform.io/hashicorp/aws\"]",
      "instances": [
        {
          "schema_version": 0,
          "attributes": {
            "adjustment_type": "ChangeInCapacity",
            "arn": "arn:aws:autoscaling:ap-south-1:730335192948:scalingPolicy:fdbc5858-0ccd-4a53-8937-067750521484:autoScalingGroupName/cloudscale-commerce-asg:policyName/cloudscale-commerce-scale-up",
            "autoscaling_group_name": "cloudscale-commerce-asg",
            "cooldown": 1200,
            "enabled": true,
            "estimated_instance_warmup": 0,
            "id": "cloudscale-commerce-scale-up",
            "metric_aggregation_type": "",
            "min_adjustment_magnitude": 0,
            "name": "cloudscale-commerce-scale-up",
            "policy_type": "SimpleScaling",
            "predictive_scaling_configuration": [],
            "region": "ap-south-1",
            "scaling_adjustment": 1,
            "step_adjustment": [],
            "target_tracking_configuration": []
          },
          "sensitive_attributes": [],
          "identity_schema_version": 0,
          "private": "bnVsbA==",
          "dependencies": [
            "aws_autoscaling_group.web",
            "aws_launch_template.web",
            "aws_lb_target_group.web",
            "aws_security_group.alb",
            "aws_security_group.web",
            "aws_subnet.public",
            "aws_vpc.main",
            "data.aws_ami.amazon_linux",
            "data.aws_availability_zones.available"
          ]
        }
      ]
    },
    {
      "mode": "managed",
      "type": "aws_cloudwatch_metric_alarm",
      "name": "cpu_high",
      "provider": "provider[\"registry.terraform.io/hashicorp/aws\"]",
      "instances": [
        {
          "schema_version": 1,
          "attributes": {
            "actions_enabled": true,
            "alarm_actions": [
              "arn:aws:autoscaling:ap-south-1:730335192948:scalingPolicy:fdbc5858-0ccd-4a53-8937-067750521484:autoScalingGroupName/cloudscale-commerce-asg:policyName/cloudscale-commerce-scale-up"
            ],
            "alarm_description": "This metric monitors EC2 CPU utilization",
            "alarm_name": "cloudscale-commerce-cpu-high",
            "arn": "arn:aws:cloudwatch:ap-south-1:730335192948:alarm:cloudscale-commerce-cpu-high",
            "comparison_operator": "GreaterThanThreshold",
            "datapoints_to_alarm": 0,
            "dimensions": {
              "AutoScalingGroupName": "cloudscale-commerce-asg"
            },
            "evaluate_low_sample_count_percentiles": "",
            "evaluation_periods": 2,
            "extended_statistic": "",
            "id": "cloudscale-commerce-cpu-high",
            "insufficient_data_actions": [],
            "metric_name": "CPUUtilization",
            "metric_query": [],
            "namespace": "AWS/EC2",
            "ok_actions": [],
            "period": 120,
            "region": "ap-south-1",
            "statistic": "Average",
            "tags": {
              "Environment": "production",
              "Owner": "Your Name",
              "Project": "CloudScale Commerce"
            },
            "tags_all": {
              "Environment": "production",
              "Owner": "Your Name",
              "Project": "CloudScale Commerce"
            },
            "threshold": 50,
            "threshold_metric_id": "",
            "treat_missing_data": "missing",
            "unit": ""
          },
          "sensitive_attributes": [],
          "identity_schema_version": 0,
          "private": "eyJzY2hlbWFfdmVyc2lvbiI6IjEifQ==",
          "dependencies": [
            "aws_autoscaling_group.web",
            "aws_autoscaling_policy.scale_up",
            "aws_launch_template.web",
            "aws_lb_target_group.web",
            "aws_security_group.alb",
            "aws_security_group.web",
            "aws_subnet.public",
            "aws_vpc.main",
            "data.aws_ami.amazon_linux",
            "data.aws_availability_zones.available"
          ]
        }
      ]
    },
    {
      "mode": "managed",
      "type": "aws_cloudwatch_metric_alarm",
      "name": "cpu_low",
      "provider": "provider[\"registry.terraform.io/hashicorp/aws\"]",
      "instances": [
        {
          "schema_version": 1,
          "attributes": {
            "actions_enabled": true,
            "alarm_actions": [
              "arn:aws:autoscaling:ap-south-1:730335192948:scalingPolicy:3ff49832-a897-4274-bf4e-4b2b40777fc1:autoScalingGroupName/cloudscale-commerce-asg:policyName/cloudscale-commerce-scale-down"
            ],
            "alarm_description": "This metric monitors EC2 CPU utilization",
            "alarm_name": "cloudscale-commerce-cpu-low",
            "arn": "arn:aws:cloudwatch:ap-south-1:730335192948:alarm:cloudscale-commerce-cpu-low",
            "comparison_operator": "LessThanThreshold",
            "datapoints_to_alarm": 0,
            "dimensions": {
              "AutoScalingGroupName": "cloudscale-commerce-asg"
            },
            "evaluate_low_sample_count_percentiles": "",
            "evaluation_periods": 2,
            "extended_statistic": "",
            "id": "cloudscale-commerce-cpu-low",
            "insufficient_data_actions": [],
            "metric_name": "CPUUtilization",
            "metric_query": [],
            "namespace": "AWS/EC2",
            "ok_actions": [],
            "period": 120,
            "region": "ap-south-1",
            "statistic": "Average",
            "tags": {
              "Environment": "production",
              "Owner": "Your Name",
              "Project": "CloudScale Commerce"
            },
            "tags_all": {
              "Environment": "production",
              "Owner": "Your Name",
              "Project": "CloudScale Commerce"
            },
            "threshold": 20,
            "threshold_metric_id": "",
            "treat_missing_data": "missing",
            "unit": ""
          },
          "sensitive_attributes": [],
          "identity_schema_version": 0,
          "private": "eyJzY2hlbWFfdmVyc2lvbiI6IjEifQ==",
          "dependencies": [
            "aws_autoscaling_group.web",
            "aws_autoscaling_policy.scale_down",
            "aws_launch_template.web",
            "aws_lb_target_group.web",
            "aws_security_group.alb",
            "aws_security_group.web",
            "aws_subnet.public",
            "aws_vpc.main",
            "data.aws_ami.amazon_linux",
            "data.aws_availability_zones.available"
          ]
        }
      ]
    },
    {
      "mode": "managed",
      "type": "aws_internet_gateway",
      "name": "main",
      "provider": "provider[\"registry.terraform.io/hashicorp/aws\"]",
      "instances": [
        {
          "schema_version": 0,
          "attributes": {
            "arn": "arn:aws:ec2:ap-south-1:730335192948:internet-gateway/igw-00118ba7aed47d898",
            "id": "igw-00118ba7aed47d898",
            "owner_id": "730335192948",
            "region": "ap-south-1",
            "tags": {
              "Environment": "production",
              "Name": "cloudscale-commerce-igw",
              "Owner": "Your Name",
              "Project": "CloudScale Commerce"
            },
            "tags_all": {
              "Environment": "production",
              "Name": "cloudscale-commerce-igw",
              "Owner": "Your Name",
              "Project": "CloudScale Commerce"
            },
            "timeouts": null,
            "vpc_id": "vpc-0e50f2564923edbaf"
          },
          "sensitive_attributes": [],
          "identity_schema_version": 0,
          "private": "eyJlMmJmYjczMC1lY2FhLTExZTYtOGY4OC0zNDM2M2JjN2M0YzAiOnsiY3JlYXRlIjoxMjAwMDAwMDAwMDAwLCJkZWxldGUiOjEyMDAwMDAwMDAwMDAsInVwZGF0ZSI6MTIwMDAwMDAwMDAwMH19",
          "dependencies": [
            "aws_vpc.main"
          ]
        }
      ]
    },
    {
      "mode": "managed",
      "type": "aws_launch_template",
      "name": "web",
      "provider": "provider[\"registry.terraform.io/hashicorp/aws\"]",
      "instances": [
        {
          "schema_version": 0,
          "attributes": {
            "arn": "arn:aws:ec2:ap-south-1:730335192948:launch-template/lt-0996e3c09eb7180ca",
            "block_device_mappings": [],
            "capacity_reservation_specification": [],
            "cpu_options": [],
            "credit_specification": [],
            "default_version": 1,
            "description": "",
            "disable_api_stop": false,
            "disable_api_termination": false,
            "ebs_optimized": "",
            "enclave_options": [],
            "hibernation_options": [],
            "iam_instance_profile": [],
            "id": "lt-0996e3c09eb7180ca",
            "image_id": "ami-0321cd3e0040c7000",
            "instance_initiated_shutdown_behavior": "",
            "instance_market_options": [],
            "instance_requirements": [],
            "instance_type": "t3.micro",
            "kernel_id": "",
            "key_name": "cloudscale-key",
            "latest_version": 4,
            "license_specification": [],
            "maintenance_options": [],
            "metadata_options": [],
            "monitoring": [],
            "name": "cloudscale-commerce-20250713134404109800000004",
            "name_prefix": "cloudscale-commerce-",
            "network_interfaces": [],
            "placement": [],
            "private_dns_name_options": [],
            "ram_disk_id": "",
            "region": "ap-south-1",
            "security_group_names": [],
            "tag_specifications": [
              {
                "resource_type": "instance",
                "tags": {
                  "Environment": "production",
                  "Name": "cloudscale-commerce-web-server",
                  "Owner": "Your Name",
                  "Project": "CloudScale Commerce"
                }
              }
            ],
            "tags": {
              "Environment": "production",
              "Owner": "Your Name",
              "Project": "CloudScale Commerce",
              "TemplateVersion": "v2"
            },
            "tags_all": {
              "Environment": "production",
              "Owner": "Your Name",
              "Project": "CloudScale Commerce",
              "TemplateVersion": "v2"
            },
            "update_default_version": null,
            "user_data": "IyEvYmluL2Jhc2gKCnl1bSB1cGRhdGUgLXkKeXVtIGluc3RhbGwgLXkgZ2l0IGN1cmwgd2dldCBodG9wCgojIEluc3RhbGwgTm9kZS5qcyAxOApjdXJsIC1mc1NMIGh0dHBzOi8vcnBtLm5vZGVzb3VyY2UuY29tL3NldHVwXzE4LnggfCBiYXNoIC0KeXVtIGluc3RhbGwgLXkgbm9kZWpzCgojIERlZmluZSBwcm9qZWN0IG5hbWUKcHJvamVjdF9uYW1lPSJjbG91ZHNjYWxlLWNvbW1lcmNlIgoKIyBDcmVhdGUgYXBwIGRpcmVjdG9yeQpta2RpciAtcCAvb3B0L2Nsb3Vkc2NhbGUtY29tbWVyY2UKY2QgL29wdC9jbG91ZHNjYWxlLWNvbW1lcmNlCgojIENsb25lIHJlcG8KZ2l0IGNsb25lIGh0dHBzOi8vZ2l0aHViLmNvbS9OYW5kaW5pU3JpdmFzdGF2YS9DbG91ZFNjYWxlLUNvbW1lcmNlLmdpdCBhcHAKY2QgYXBwCgojIEluc3RhbGwgZGVwZW5kZW5jaWVzCm5wbSBpbnN0YWxsCgojIEJ1aWxkIChvcHRpb25hbCkKbnBtIHJ1biBidWlsZCB8fCBlY2hvICJCdWlsZCBmYWlsZWQsIGZhbGxiYWNrIHRvIGRldiIKCiMgQ3JlYXRlIHN5c3RlbWQgc2VydmljZQpzdWRvIHRlZSAvZXRjL3N5c3RlbWQvc3lzdGVtL2Nsb3Vkc2NhbGUtY29tbWVyY2Uuc2VydmljZSA+IC9kZXYvbnVsbCA8PEVPRgpbVW5pdF0KRGVzY3JpcHRpb249Q2xvdWRTY2FsZSBDb21tZXJjZSBBcHBsaWNhdGlvbgpBZnRlcj1uZXR3b3JrLnRhcmdldAoKW1NlcnZpY2VdClR5cGU9c2ltcGxlClVzZXI9ZWMyLXVzZXIKV29ya2luZ0RpcmVjdG9yeT0vb3B0L2Nsb3Vkc2NhbGUtY29tbWVyY2UvYXBwCkV4ZWNTdGFydD0vdXNyL2Jpbi9ucG0gcnVuIGRldgpSZXN0YXJ0PWFsd2F5cwpFbnZpcm9ubWVudD1QT1JUPTUwMDAKCltJbnN0YWxsXQpXYW50ZWRCeT1tdWx0aS11c2VyLnRhcmdldApFT0YKCiMgUGVybWlzc2lvbnMKY2hvd24gLVIgZWMyLXVzZXI6ZWMyLXVzZXIgL29wdC9jbG91ZHNjYWxlLWNvbW1lcmNlCgojIEVuYWJsZSBhbmQgc3RhcnQKc3lzdGVtY3RsIGRhZW1vbi1yZWxvYWQKc3lzdGVtY3RsIGVuYWJsZSBjbG91ZHNjYWxlLWNvbW1lcmNlCnN5c3RlbWN0bCBzdGFydCBjbG91ZHNjYWxlLWNvbW1lcmNlCgplY2hvICJDbG91ZFNjYWxlIENvbW1lcmNlIHNldHVwIGNvbXBsZXRlZCBzdWNjZXNzZnVsbHkhIgo=",
            "vpc_security_group_ids": [
              "sg-0bcd78146ab8a8f35"
            ]
          },
          "sensitive_attributes": [],
          "identity_schema_version": 0,
          "private": "bnVsbA==",
          "dependencies": [
            "aws_security_group.alb",
            "aws_security_group.web",
            "aws_vpc.main",
            "data.aws_ami.amazon_linux"
          ],
          "create_before_destroy": true
        }
      ]
    },
    {
      "mode": "managed",
      "type": "aws_lb",
      "name": "main",
      "provider": "provider[\"registry.terraform.io/hashicorp/aws\"]",
      "instances": [
        {
          "schema_version": 0,
          "attributes": {
            "access_logs": [
              {
                "bucket": "",
                "enabled": false,
                "prefix": ""
              }
            ],
            "arn": "arn:aws:elasticloadbalancing:ap-south-1:730335192948:loadbalancer/app/cloudscale-commerce-alb/94cbb90efc334b9d",
            "arn_suffix": "app/cloudscale-commerce-alb/94cbb90efc334b9d",
            "client_keep_alive": 3600,
            "connection_logs": [
              {
                "bucket": "",
                "enabled": false,
                "prefix": ""
              }
            ],
            "customer_owned_ipv4_pool": "",
            "desync_mitigation_mode": "defensive",
            "dns_name": "cloudscale-commerce-alb-1270455731.ap-south-1.elb.amazonaws.com",
            "dns_record_client_routing_policy": null,
            "drop_invalid_header_fields": false,
            "enable_cross_zone_load_balancing": true,
            "enable_deletion_protection": false,
            "enable_http2": true,
            "enable_tls_version_and_cipher_suite_headers": false,
            "enable_waf_fail_open": false,
            "enable_xff_client_port": false,
            "enable_zonal_shift": false,
            "enforce_security_group_inbound_rules_on_private_link_traffic": "",
            "id": "arn:aws:elasticloadbalancing:ap-south-1:730335192948:loadbalancer/app/cloudscale-commerce-alb/94cbb90efc334b9d",
            "idle_timeout": 60,
            "internal": false,
            "ip_address_type": "ipv4",
            "ipam_pools": [],
            "load_balancer_type": "application",
            "minimum_load_balancer_capacity": [],
            "name": "cloudscale-commerce-alb",
            "name_prefix": "",
            "preserve_host_header": false,
            "region": "ap-south-1",
            "security_groups": [
              "sg-07b759397830c3f3a"
            ],
            "subnet_mapping": [
              {
                "allocation_id": "",
                "ipv6_address": "",
                "outpost_id": "",
                "private_ipv4_address": "",
                "subnet_id": "subnet-07611293812c528b0"
              },
              {
                "allocation_id": "",
                "ipv6_address": "",
                "outpost_id": "",
                "private_ipv4_address": "",
                "subnet_id": "subnet-0e8d871c3e332d79f"
              }
            ],
            "subnets": [
              "subnet-07611293812c528b0",
              "subnet-0e8d871c3e332d79f"
            ],
            "tags": {
              "Environment": "production",
              "Owner": "Your Name",
              "Project": "CloudScale Commerce"
            },
            "tags_all": {
              "Environment": "production",
              "Owner": "Your Name",
              "Project": "CloudScale Commerce"
            },
            "timeouts": null,
            "vpc_id": "vpc-0e50f2564923edbaf",
            "xff_header_processing_mode": "append",
            "zone_id": "ZP97RAFLXTNZK"
          },
          "sensitive_attributes": [],
          "identity_schema_version": 0,
          "identity": {
            "arn": "arn:aws:elasticloadbalancing:ap-south-1:730335192948:loadbalancer/app/cloudscale-commerce-alb/94cbb90efc334b9d"
          },
          "private": "eyJlMmJmYjczMC1lY2FhLTExZTYtOGY4OC0zNDM2M2JjN2M0YzAiOnsiY3JlYXRlIjo2MDAwMDAwMDAwMDAsImRlbGV0ZSI6NjAwMDAwMDAwMDAwLCJ1cGRhdGUiOjYwMDAwMDAwMDAwMH19",
          "dependencies": [
            "aws_security_group.alb",
            "aws_subnet.public",
            "aws_vpc.main",
            "data.aws_availability_zones.available"
          ]
        }
      ]
    },
    {
      "mode": "managed",
      "type": "aws_lb_listener",
      "name": "web",
      "provider": "provider[\"registry.terraform.io/hashicorp/aws\"]",
      "instances": [
        {
          "schema_version": 0,
          "attributes": {
            "alpn_policy": null,
            "arn": "arn:aws:elasticloadbalancing:ap-south-1:730335192948:listener/app/cloudscale-commerce-alb/94cbb90efc334b9d/b3c995ca87ef03a5",
            "certificate_arn": null,
            "default_action": [
              {
                "authenticate_cognito": [],
                "authenticate_oidc": [],
                "fixed_response": [],
                "forward": [],
                "order": 1,
                "redirect": [],
                "target_group_arn": "arn:aws:elasticloadbalancing:ap-south-1:730335192948:targetgroup/cloudscale-commerce-tg/a4b0357cad6a649b",
                "type": "forward"
              }
            ],
            "id": "arn:aws:elasticloadbalancing:ap-south-1:730335192948:listener/app/cloudscale-commerce-alb/94cbb90efc334b9d/b3c995ca87ef03a5",
            "load_balancer_arn": "arn:aws:elasticloadbalancing:ap-south-1:730335192948:loadbalancer/app/cloudscale-commerce-alb/94cbb90efc334b9d",
            "mutual_authentication": [],
            "port": 80,
            "protocol": "HTTP",
            "region": "ap-south-1",
            "routing_http_request_x_amzn_mtls_clientcert_header_name": null,
            "routing_http_request_x_amzn_mtls_clientcert_issuer_header_name": null,
            "routing_http_request_x_amzn_mtls_clientcert_leaf_header_name": null,
            "routing_http_request_x_amzn_mtls_clientcert_serial_number_header_name": null,
            "routing_http_request_x_amzn_mtls_clientcert_subject_header_name": null,
            "routing_http_request_x_amzn_mtls_clientcert_validity_header_name": null,
            "routing_http_request_x_amzn_tls_cipher_suite_header_name": null,
            "routing_http_request_x_amzn_tls_version_header_name": null,
            "routing_http_response_access_control_allow_credentials_header_value": "",
            "routing_http_response_access_control_allow_headers_header_value": "",
            "routing_http_response_access_control_allow_methods_header_value": "",
            "routing_http_response_access_control_allow_origin_header_value": "",
            "routing_http_response_access_control_expose_headers_header_value": "",
            "routing_http_response_access_control_max_age_header_value": "",
            "routing_http_response_content_security_policy_header_value": "",
            "routing_http_response_server_enabled": true,
            "routing_http_response_strict_transport_security_header_value": "",
            "routing_http_response_x_content_type_options_header_value": "",
            "routing_http_response_x_frame_options_header_value": "",
            "ssl_policy": "",
            "tags": {},
            "tags_all": {},
            "tcp_idle_timeout_seconds": null,
            "timeouts": null
          },
          "sensitive_attributes": [],
          "identity_schema_version": 0,
          "private": "eyJlMmJmYjczMC1lY2FhLTExZTYtOGY4OC0zNDM2M2JjN2M0YzAiOnsiY3JlYXRlIjozMDAwMDAwMDAwMDAsInVwZGF0ZSI6MzAwMDAwMDAwMDAwfX0=",
          "dependencies": [
            "aws_lb.main",
            "aws_lb_target_group.web",
            "aws_security_group.alb",
            "aws_subnet.public",
            "aws_vpc.main",
            "data.aws_availability_zones.available"
          ]
        }
      ]
    },
    {
      "mode": "managed",
      "type": "aws_lb_target_group",
      "name": "web",
      "provider": "provider[\"registry.terraform.io/hashicorp/aws\"]",
      "instances": [
        {
          "schema_version": 0,
          "attributes": {
            "arn": "arn:aws:elasticloadbalancing:ap-south-1:730335192948:targetgroup/cloudscale-commerce-tg/a4b0357cad6a649b",
            "arn_suffix": "targetgroup/cloudscale-commerce-tg/a4b0357cad6a649b",
            "connection_termination": null,
            "deregistration_delay": "300",
            "health_check": [
              {
                "enabled": true,
                "healthy_threshold": 2,
                "interval": 30,
                "matcher": "200",
                "path": "/health",
                "port": "traffic-port",
                "protocol": "HTTP",
                "timeout": 5,
                "unhealthy_threshold": 2
              }
            ],
            "id": "arn:aws:elasticloadbalancing:ap-south-1:730335192948:targetgroup/cloudscale-commerce-tg/a4b0357cad6a649b",
            "ip_address_type": "ipv4",
            "lambda_multi_value_headers_enabled": false,
            "load_balancer_arns": [
              "arn:aws:elasticloadbalancing:ap-south-1:730335192948:loadbalancer/app/cloudscale-commerce-alb/94cbb90efc334b9d"
            ],
            "load_balancing_algorithm_type": "round_robin",
            "load_balancing_anomaly_mitigation": "off",
            "load_balancing_cross_zone_enabled": "use_load_balancer_configuration",
            "name": "cloudscale-commerce-tg",
            "name_prefix": "",
            "port": 5000,
            "preserve_client_ip": null,
            "protocol": "HTTP",
            "protocol_version": "HTTP1",
            "proxy_protocol_v2": false,
            "region": "ap-south-1",
            "slow_start": 0,
            "stickiness": [
              {
                "cookie_duration": 86400,
                "cookie_name": "",
                "enabled": false,
                "type": "lb_cookie"
              }
            ],
            "tags": {
              "Environment": "production",
              "Owner": "Your Name",
              "Project": "CloudScale Commerce"
            },
            "tags_all": {
              "Environment": "production",
              "Owner": "Your Name",
              "Project": "CloudScale Commerce"
            },
            "target_failover": [
              {
                "on_deregistration": null,
                "on_unhealthy": null
              }
            ],
            "target_group_health": [
              {
                "dns_failover": [
                  {
                    "minimum_healthy_targets_count": "1",
                    "minimum_healthy_targets_percentage": "off"
                  }
                ],
                "unhealthy_state_routing": [
                  {
                    "minimum_healthy_targets_count": 1,
                    "minimum_healthy_targets_percentage": "off"
                  }
                ]
              }
            ],
            "target_health_state": [
              {
                "enable_unhealthy_connection_termination": null,
                "unhealthy_draining_interval": null
              }
            ],
            "target_type": "instance",
            "vpc_id": "vpc-0e50f2564923edbaf"
          },
          "sensitive_attributes": [],
          "identity_schema_version": 0,
          "private": "bnVsbA==",
          "dependencies": [
            "aws_vpc.main"
          ]
        }
      ]
    },
    {
      "mode": "managed",
      "type": "aws_route_table",
      "name": "public",
      "provider": "provider[\"registry.terraform.io/hashicorp/aws\"]",
      "instances": [
        {
          "schema_version": 0,
          "attributes": {
            "arn": "arn:aws:ec2:ap-south-1:730335192948:route-table/rtb-086e83c31574aec22",
            "id": "rtb-086e83c31574aec22",
            "owner_id": "730335192948",
            "propagating_vgws": [],
            "region": "ap-south-1",
            "route": [
              {
                "carrier_gateway_id": "",
                "cidr_block": "0.0.0.0/0",
                "core_network_arn": "",
                "destination_prefix_list_id": "",
                "egress_only_gateway_id": "",
                "gateway_id": "igw-00118ba7aed47d898",
                "ipv6_cidr_block": "",
                "local_gateway_id": "",
                "nat_gateway_id": "",
                "network_interface_id": "",
                "transit_gateway_id": "",
                "vpc_endpoint_id": "",
                "vpc_peering_connection_id": ""
              }
            ],
            "tags": {
              "Environment": "production",
              "Name": "cloudscale-commerce-public-rt",
              "Owner": "Your Name",
              "Project": "CloudScale Commerce"
            },
            "tags_all": {
              "Environment": "production",
              "Name": "cloudscale-commerce-public-rt",
              "Owner": "Your Name",
              "Project": "CloudScale Commerce"
            },
            "timeouts": null,
            "vpc_id": "vpc-0e50f2564923edbaf"
          },
          "sensitive_attributes": [],
          "identity_schema_version": 0,
          "private": "eyJlMmJmYjczMC1lY2FhLTExZTYtOGY4OC0zNDM2M2JjN2M0YzAiOnsiY3JlYXRlIjozMDAwMDAwMDAwMDAsImRlbGV0ZSI6MzAwMDAwMDAwMDAwLCJ1cGRhdGUiOjEyMDAwMDAwMDAwMH19",
          "dependencies": [
            "aws_internet_gateway.main",
            "aws_vpc.main"
          ]
        }
      ]
    },
    {
      "mode": "managed",
      "type": "aws_route_table_association",
      "name": "public",
      "provider": "provider[\"registry.terraform.io/hashicorp/aws\"]",
      "instances": [
        {
          "index_key": 0,
          "schema_version": 0,
          "attributes": {
            "gateway_id": "",
            "id": "rtbassoc-03b413d1355013e28",
            "region": "ap-south-1",
            "route_table_id": "rtb-086e83c31574aec22",
            "subnet_id": "subnet-0e8d871c3e332d79f",
            "timeouts": null
          },
          "sensitive_attributes": [],
          "identity_schema_version": 0,
          "private": "eyJlMmJmYjczMC1lY2FhLTExZTYtOGY4OC0zNDM2M2JjN2M0YzAiOnsiY3JlYXRlIjozMDAwMDAwMDAwMDAsImRlbGV0ZSI6MzAwMDAwMDAwMDAwLCJ1cGRhdGUiOjEyMDAwMDAwMDAwMH19",
          "dependencies": [
            "aws_internet_gateway.main",
            "aws_route_table.public",
            "aws_subnet.public",
            "aws_vpc.main",
            "data.aws_availability_zones.available"
          ]
        },
        {
          "index_key": 1,
          "schema_version": 0,
          "attributes": {
            "gateway_id": "",
            "id": "rtbassoc-0e6f4f923a1efe97f",
            "region": "ap-south-1",
            "route_table_id": "rtb-086e83c31574aec22",
            "subnet_id": "subnet-07611293812c528b0",
            "timeouts": null
          },
          "sensitive_attributes": [],
          "identity_schema_version": 0,
          "private": "eyJlMmJmYjczMC1lY2FhLTExZTYtOGY4OC0zNDM2M2JjN2M0YzAiOnsiY3JlYXRlIjozMDAwMDAwMDAwMDAsImRlbGV0ZSI6MzAwMDAwMDAwMDAwLCJ1cGRhdGUiOjEyMDAwMDAwMDAwMH19",
          "dependencies": [
            "aws_internet_gateway.main",
            "aws_route_table.public",
            "aws_subnet.public",
            "aws_vpc.main",
            "data.aws_availability_zones.available"
          ]
        }
      ]
    },
    {
      "mode": "managed",
      "type": "aws_security_group",
      "name": "alb",
      "provider": "provider[\"registry.terraform.io/hashicorp/aws\"]",
      "instances": [
        {
          "schema_version": 1,
          "attributes": {
            "arn": "arn:aws:ec2:ap-south-1:730335192948:security-group/sg-07b759397830c3f3a",
            "description": "Managed by Terraform",
            "egress": [
              {
                "cidr_blocks": [
                  "0.0.0.0/0"
                ],
                "description": "",
                "from_port": 0,
                "ipv6_cidr_blocks": [],
                "prefix_list_ids": [],
                "protocol": "-1",
                "security_groups": [],
                "self": false,
                "to_port": 0
              }
            ],
            "id": "sg-07b759397830c3f3a",
            "ingress": [
              {
                "cidr_blocks": [
                  "0.0.0.0/0"
                ],
                "description": "",
                "from_port": 443,
                "ipv6_cidr_blocks": [],
                "prefix_list_ids": [],
                "protocol": "tcp",
                "security_groups": [],
                "self": false,
                "to_port": 443
              },
              {
                "cidr_blocks": [
                  "0.0.0.0/0"
                ],
                "description": "",
                "from_port": 80,
                "ipv6_cidr_blocks": [],
                "prefix_list_ids": [],
                "protocol": "tcp",
                "security_groups": [],
                "self": false,
                "to_port": 80
              }
            ],
            "name": "cloudscale-commerce-alb-20250713134358129800000001",
            "name_prefix": "cloudscale-commerce-alb-",
            "owner_id": "730335192948",
            "region": "ap-south-1",
            "revoke_rules_on_delete": false,
            "tags": {
              "Environment": "production",
              "Name": "cloudscale-commerce-alb-sg",
              "Owner": "Your Name",
              "Project": "CloudScale Commerce"
            },
            "tags_all": {
              "Environment": "production",
              "Name": "cloudscale-commerce-alb-sg",
              "Owner": "Your Name",
              "Project": "CloudScale Commerce"
            },
            "timeouts": null,
            "vpc_id": "vpc-0e50f2564923edbaf"
          },
          "sensitive_attributes": [],
          "identity_schema_version": 0,
          "private": "eyJlMmJmYjczMC1lY2FhLTExZTYtOGY4OC0zNDM2M2JjN2M0YzAiOnsiY3JlYXRlIjo2MDAwMDAwMDAwMDAsImRlbGV0ZSI6OTAwMDAwMDAwMDAwfSwic2NoZW1hX3ZlcnNpb24iOiIxIn0=",
          "dependencies": [
            "aws_vpc.main"
          ],
          "create_before_destroy": true
        }
      ]
    },
    {
      "mode": "managed",
      "type": "aws_security_group",
      "name": "web",
      "provider": "provider[\"registry.terraform.io/hashicorp/aws\"]",
      "instances": [
        {
          "schema_version": 1,
          "attributes": {
            "arn": "arn:aws:ec2:ap-south-1:730335192948:security-group/sg-0bcd78146ab8a8f35",
            "description": "Managed by Terraform",
            "egress": [
              {
                "cidr_blocks": [
                  "0.0.0.0/0"
                ],
                "description": "",
                "from_port": 0,
                "ipv6_cidr_blocks": [],
                "prefix_list_ids": [],
                "protocol": "-1",
                "security_groups": [],
                "self": false,
                "to_port": 0
              }
            ],
            "id": "sg-0bcd78146ab8a8f35",
            "ingress": [
              {
                "cidr_blocks": [
                  "0.0.0.0/0"
                ],
                "description": "",
                "from_port": 22,
                "ipv6_cidr_blocks": [],
                "prefix_list_ids": [],
                "protocol": "tcp",
                "security_groups": [],
                "self": false,
                "to_port": 22
              },
              {
                "cidr_blocks": [
                  "0.0.0.0/0"
                ],
                "description": "",
                "from_port": 5000,
                "ipv6_cidr_blocks": [],
                "prefix_list_ids": [],
                "protocol": "tcp",
                "security_groups": [],
                "self": false,
                "to_port": 5000
              },
              {
                "cidr_blocks": [],
                "description": "",
                "from_port": 5000,
                "ipv6_cidr_blocks": [],
                "prefix_list_ids": [],
                "protocol": "tcp",
                "security_groups": [
                  "sg-07b759397830c3f3a"
                ],
                "self": false,
                "to_port": 5000
              }
            ],
            "name": "cloudscale-commerce-web-20250713134401207100000003",
            "name_prefix": "cloudscale-commerce-web-",
            "owner_id": "730335192948",
            "region": "ap-south-1",
            "revoke_rules_on_delete": false,
            "tags": {
              "Environment": "production",
              "Name": "cloudscale-commerce-web-sg",
              "Owner": "Your Name",
              "Project": "CloudScale Commerce"
            },
            "tags_all": {
              "Environment": "production",
              "Name": "cloudscale-commerce-web-sg",
              "Owner": "Your Name",
              "Project": "CloudScale Commerce"
            },
            "timeouts": null,
            "vpc_id": "vpc-0e50f2564923edbaf"
          },
          "sensitive_attributes": [],
          "identity_schema_version": 0,
          "private": "eyJlMmJmYjczMC1lY2FhLTExZTYtOGY4OC0zNDM2M2JjN2M0YzAiOnsiY3JlYXRlIjo2MDAwMDAwMDAwMDAsImRlbGV0ZSI6OTAwMDAwMDAwMDAwfSwic2NoZW1hX3ZlcnNpb24iOiIxIn0=",
          "dependencies": [
            "aws_security_group.alb",
            "aws_vpc.main"
          ],
          "create_before_destroy": true
        }
      ]
    },
    {
      "mode": "managed",
      "type": "aws_subnet",
      "name": "private",
      "provider": "provider[\"registry.terraform.io/hashicorp/aws\"]",
      "instances": [
        {
          "index_key": 0,
          "schema_version": 1,
          "attributes": {
            "arn": "arn:aws:ec2:ap-south-1:730335192948:subnet/subnet-0e4681d8a253f3824",
            "assign_ipv6_address_on_creation": false,
            "availability_zone": "ap-south-1a",
            "availability_zone_id": "aps1-az1",
            "cidr_block": "10.0.10.0/24",
            "customer_owned_ipv4_pool": "",
            "enable_dns64": false,
            "enable_lni_at_device_index": 0,
            "enable_resource_name_dns_a_record_on_launch": false,
            "enable_resource_name_dns_aaaa_record_on_launch": false,
            "id": "subnet-0e4681d8a253f3824",
            "ipv6_cidr_block": "",
            "ipv6_cidr_block_association_id": "",
            "ipv6_native": false,
            "map_customer_owned_ip_on_launch": false,
            "map_public_ip_on_launch": false,
            "outpost_arn": "",
            "owner_id": "730335192948",
            "private_dns_hostname_type_on_launch": "ip-name",
            "region": "ap-south-1",
            "tags": {
              "Environment": "production",
              "Name": "cloudscale-commerce-private-subnet-1",
              "Owner": "Your Name",
              "Project": "CloudScale Commerce",
              "Tier": "Private"
            },
            "tags_all": {
              "Environment": "production",
              "Name": "cloudscale-commerce-private-subnet-1",
              "Owner": "Your Name",
              "Project": "CloudScale Commerce",
              "Tier": "Private"
            },
            "timeouts": null,
            "vpc_id": "vpc-0e50f2564923edbaf"
          },
          "sensitive_attributes": [],
          "identity_schema_version": 0,
          "private": "eyJlMmJmYjczMC1lY2FhLTExZTYtOGY4OC0zNDM2M2JjN2M0YzAiOnsiY3JlYXRlIjo2MDAwMDAwMDAwMDAsImRlbGV0ZSI6MTIwMDAwMDAwMDAwMH0sInNjaGVtYV92ZXJzaW9uIjoiMSJ9",
          "dependencies": [
            "aws_vpc.main",
            "data.aws_availability_zones.available"
          ]
        },
        {
          "index_key": 1,
          "schema_version": 1,
          "attributes": {
            "arn": "arn:aws:ec2:ap-south-1:730335192948:subnet/subnet-0a2afb624ec6a80d9",
            "assign_ipv6_address_on_creation": false,
            "availability_zone": "ap-south-1b",
            "availability_zone_id": "aps1-az3",
            "cidr_block": "10.0.11.0/24",
            "customer_owned_ipv4_pool": "",
            "enable_dns64": false,
            "enable_lni_at_device_index": 0,
            "enable_resource_name_dns_a_record_on_launch": false,
            "enable_resource_name_dns_aaaa_record_on_launch": false,
            "id": "subnet-0a2afb624ec6a80d9",
            "ipv6_cidr_block": "",
            "ipv6_cidr_block_association_id": "",
            "ipv6_native": false,
            "map_customer_owned_ip_on_launch": false,
            "map_public_ip_on_launch": false,
            "outpost_arn": "",
            "owner_id": "730335192948",
            "private_dns_hostname_type_on_launch": "ip-name",
            "region": "ap-south-1",
            "tags": {
              "Environment": "production",
              "Name": "cloudscale-commerce-private-subnet-2",
              "Owner": "Your Name",
              "Project": "CloudScale Commerce",
              "Tier": "Private"
            },
            "tags_all": {
              "Environment": "production",
              "Name": "cloudscale-commerce-private-subnet-2",
              "Owner": "Your Name",
              "Project": "CloudScale Commerce",
              "Tier": "Private"
            },
            "timeouts": null,
            "vpc_id": "vpc-0e50f2564923edbaf"
          },
          "sensitive_attributes": [],
          "identity_schema_version": 0,
          "private": "eyJlMmJmYjczMC1lY2FhLTExZTYtOGY4OC0zNDM2M2JjN2M0YzAiOnsiY3JlYXRlIjo2MDAwMDAwMDAwMDAsImRlbGV0ZSI6MTIwMDAwMDAwMDAwMH0sInNjaGVtYV92ZXJzaW9uIjoiMSJ9",
          "dependencies": [
            "aws_vpc.main",
            "data.aws_availability_zones.available"
          ]
        }
      ]
    },
    {
      "mode": "managed",
      "type": "aws_subnet",
      "name": "public",
      "provider": "provider[\"registry.terraform.io/hashicorp/aws\"]",
      "instances": [
        {
          "index_key": 0,
          "schema_version": 1,
          "attributes": {
            "arn": "arn:aws:ec2:ap-south-1:730335192948:subnet/subnet-0e8d871c3e332d79f",
            "assign_ipv6_address_on_creation": false,
            "availability_zone": "ap-south-1a",
            "availability_zone_id": "aps1-az1",
            "cidr_block": "10.0.1.0/24",
            "customer_owned_ipv4_pool": "",
            "enable_dns64": false,
            "enable_lni_at_device_index": 0,
            "enable_resource_name_dns_a_record_on_launch": false,
            "enable_resource_name_dns_aaaa_record_on_launch": false,
            "id": "subnet-0e8d871c3e332d79f",
            "ipv6_cidr_block": "",
            "ipv6_cidr_block_association_id": "",
            "ipv6_native": false,
            "map_customer_owned_ip_on_launch": false,
            "map_public_ip_on_launch": true,
            "outpost_arn": "",
            "owner_id": "730335192948",
            "private_dns_hostname_type_on_launch": "ip-name",
            "region": "ap-south-1",
            "tags": {
              "Environment": "production",
              "Name": "cloudscale-commerce-public-subnet-1",
              "Owner": "Your Name",
              "Project": "CloudScale Commerce",
              "Tier": "Public"
            },
            "tags_all": {
              "Environment": "production",
              "Name": "cloudscale-commerce-public-subnet-1",
              "Owner": "Your Name",
              "Project": "CloudScale Commerce",
              "Tier": "Public"
            },
            "timeouts": null,
            "vpc_id": "vpc-0e50f2564923edbaf"
          },
          "sensitive_attributes": [],
          "identity_schema_version": 0,
          "private": "eyJlMmJmYjczMC1lY2FhLTExZTYtOGY4OC0zNDM2M2JjN2M0YzAiOnsiY3JlYXRlIjo2MDAwMDAwMDAwMDAsImRlbGV0ZSI6MTIwMDAwMDAwMDAwMH0sInNjaGVtYV92ZXJzaW9uIjoiMSJ9",
          "dependencies": [
            "aws_vpc.main",
            "data.aws_availability_zones.available"
          ]
        },
        {
          "index_key": 1,
          "schema_version": 1,
          "attributes": {
            "arn": "arn:aws:ec2:ap-south-1:730335192948:subnet/subnet-07611293812c528b0",
            "assign_ipv6_address_on_creation": false,
            "availability_zone": "ap-south-1b",
            "availability_zone_id": "aps1-az3",
            "cidr_block": "10.0.2.0/24",
            "customer_owned_ipv4_pool": "",
            "enable_dns64": false,
            "enable_lni_at_device_index": 0,
            "enable_resource_name_dns_a_record_on_launch": false,
            "enable_resource_name_dns_aaaa_record_on_launch": false,
            "id": "subnet-07611293812c528b0",
            "ipv6_cidr_block": "",
            "ipv6_cidr_block_association_id": "",
            "ipv6_native": false,
            "map_customer_owned_ip_on_launch": false,
            "map_public_ip_on_launch": true,
            "outpost_arn": "",
            "owner_id": "730335192948",
            "private_dns_hostname_type_on_launch": "ip-name",
            "region": "ap-south-1",
            "tags": {
              "Environment": "production",
              "Name": "cloudscale-commerce-public-subnet-2",
              "Owner": "Your Name",
              "Project": "CloudScale Commerce",
              "Tier": "Public"
            },
            "tags_all": {
              "Environment": "production",
              "Name": "cloudscale-commerce-public-subnet-2",
              "Owner": "Your Name",
              "Project": "CloudScale Commerce",
              "Tier": "Public"
            },
            "timeouts": null,
            "vpc_id": "vpc-0e50f2564923edbaf"
          },
          "sensitive_attributes": [],
          "identity_schema_version": 0,
          "private": "eyJlMmJmYjczMC1lY2FhLTExZTYtOGY4OC0zNDM2M2JjN2M0YzAiOnsiY3JlYXRlIjo2MDAwMDAwMDAwMDAsImRlbGV0ZSI6MTIwMDAwMDAwMDAwMH0sInNjaGVtYV92ZXJzaW9uIjoiMSJ9",
          "dependencies": [
            "aws_vpc.main",
            "data.aws_availability_zones.available"
          ]
        }
      ]
    },
    {
      "mode": "managed",
      "type": "aws_vpc",
      "name": "main",
      "provider": "provider[\"registry.terraform.io/hashicorp/aws\"]",
      "instances": [
        {
          "schema_version": 1,
          "attributes": {
            "arn": "arn:aws:ec2:ap-south-1:730335192948:vpc/vpc-0e50f2564923edbaf",
            "assign_generated_ipv6_cidr_block": false,
            "cidr_block": "10.0.0.0/16",
            "default_network_acl_id": "acl-0cdc8dd7651f032da",
            "default_route_table_id": "rtb-0991db11e0e254710",
            "default_security_group_id": "sg-04afb5a1a6e32de33",
            "dhcp_options_id": "dopt-017b7f37654252de7",
            "enable_dns_hostnames": true,
            "enable_dns_support": true,
            "enable_network_address_usage_metrics": false,
            "id": "vpc-0e50f2564923edbaf",
            "instance_tenancy": "default",
            "ipv4_ipam_pool_id": null,
            "ipv4_netmask_length": null,
            "ipv6_association_id": "",
            "ipv6_cidr_block": "",
            "ipv6_cidr_block_network_border_group": "",
            "ipv6_ipam_pool_id": "",
            "ipv6_netmask_length": 0,
            "main_route_table_id": "rtb-0991db11e0e254710",
            "owner_id": "730335192948",
            "region": "ap-south-1",
            "tags": {
              "Environment": "production",
              "Name": "cloudscale-commerce-vpc",
              "Owner": "Your Name",
              "Project": "CloudScale Commerce"
            },
            "tags_all": {
              "Environment": "production",
              "Name": "cloudscale-commerce-vpc",
              "Owner": "Your Name",
              "Project": "CloudScale Commerce"
            }
          },
          "sensitive_attributes": [],
          "identity_schema_version": 0,
          "private": "eyJzY2hlbWFfdmVyc2lvbiI6IjEifQ==",
          "create_before_destroy": true
        }
      ]
    }
  ],
  "check_results": [
    {
      "object_kind": "var",
      "config_addr": "var.environment",
      "status": "pass",
      "objects": [
        {
          "object_addr": "var.environment",
          "status": "pass"
        }
      ]
    },
    {
      "object_kind": "var",
      "config_addr": "var.aws_region",
      "status": "pass",
      "objects": [
        {
          "object_addr": "var.aws_region",
          "status": "pass"
        }
      ]
    }
  ]
}
